# generated by rye
# use `rye lock` or `rye sync` to update this lockfile
#
# last locked with the following flags:
#   pre: false
#   features: []
#   all-features: false
#   with-sources: false

-e file:.
imageio==2.34.1
    # via tetris-gif-generator
numpy==1.26.4
    # via imageio
pillow==10.3.0
    # via imageio
    # via tetris-gif-generator
